
Microsoft Visual Studio Solution File, Format Version 12.00
# Visual Studio Version 16
VisualStudioVersion = 16.0.30011.22
MinimumVisualStudioVersion = 10.0.40219.1
Project("{FAE04EC0-301F-11D3-BF4B-00C04F79EFBC}") = "Project_ITMS_Michellod_Fardel", "Project_ITMS_Michellod_Fardel\Project_ITMS_Michellod_Fardel.csproj", "{F158AC33-FAA6-45AB-A992-80D5FED06EAF}"
EndProject
Project("{FAE04EC0-301F-11D3-BF4B-00C04F79EFBC}") = "BLL", "BLL\BLL.csproj", "{E5567F5A-DD16-4CC3-B694-B7EBDA27ACAE}"
	ProjectSection(ProjectDependencies) = postProject
		{DE3F2971-1FFA-4BB9-877D-A287D56527EE} = {DE3F2971-1FFA-4BB9-877D-A287D56527EE}
		{85E9797D-77B6-47B6-8A8A-48D8D0441E1D} = {85E9797D-77B6-47B6-8A8A-48D8D0441E1D}
	EndProjectSection
EndProject
Project("{FAE04EC0-301F-11D3-BF4B-00C04F79EFBC}") = "DAL", "DAL\DAL.csproj", "{85E9797D-77B6-47B6-8A8A-48D8D0441E1D}"
	ProjectSection(ProjectDependencies) = postProject
		{DE3F2971-1FFA-4BB9-877D-A287D56527EE} = {DE3F2971-1FFA-4BB9-877D-A287D56527EE}
	EndProjectSection
EndProject
Project("{FAE04EC0-301F-11D3-BF4B-00C04F79EFBC}") = "DTO", "DTO\DTO.csproj", "{DE3F2971-1FFA-4BB9-877D-A287D56527EE}"
EndProject
Project("{FAE04EC0-301F-11D3-BF4B-00C04F79EFBC}") = "TestConcole", "TestConcole\TestConcole.csproj", "{2BA1FD89-8452-4A48-8135-E528F73FBCEB}"
	ProjectSection(ProjectDependencies) = postProject
		{E5567F5A-DD16-4CC3-B694-B7EBDA27ACAE} = {E5567F5A-DD16-4CC3-B694-B7EBDA27ACAE}
		{DE3F2971-1FFA-4BB9-877D-A287D56527EE} = {DE3F2971-1FFA-4BB9-877D-A287D56527EE}
	EndProjectSection
EndProject
Project("{FAE04EC0-301F-11D3-BF4B-00C04F79EFBC}") = "WindowsFormsWebService", "WindowsFormsWebService\WindowsFormsWebService.csproj", "{3C4C7C12-D33E-4130-B996-7CD546515D05}"
EndProject
Global
	GlobalSection(SolutionConfigurationPlatforms) = preSolution
		Debug|Any CPU = Debug|Any CPU
		Release|Any CPU = Release|Any CPU
	EndGlobalSection
	GlobalSection(ProjectConfigurationPlatforms) = postSolution
		{F158AC33-FAA6-45AB-A992-80D5FED06EAF}.Debug|Any CPU.ActiveCfg = Debug|Any CPU
		{F158AC33-FAA6-45AB-A992-80D5FED06EAF}.Debug|Any CPU.Build.0 = Debug|Any CPU
		{F158AC33-FAA6-45AB-A992-80D5FED06EAF}.Release|Any CPU.ActiveCfg = Release|Any CPU
		{F158AC33-FAA6-45AB-A992-80D5FED06EAF}.Release|Any CPU.Build.0 = Release|Any CPU
		{E5567F5A-DD16-4CC3-B694-B7EBDA27ACAE}.Debug|Any CPU.ActiveCfg = Debug|Any CPU
		{E5567F5A-DD16-4CC3-B694-B7EBDA27ACAE}.Debug|Any CPU.Build.0 = Debug|Any CPU
		{E5567F5A-DD16-4CC3-B694-B7EBDA27ACAE}.Release|Any CPU.ActiveCfg = Release|Any CPU
		{E5567F5A-DD16-4CC3-B694-B7EBDA27ACAE}.Release|Any CPU.Build.0 = Release|Any CPU
		{85E9797D-77B6-47B6-8A8A-48D8D0441E1D}.Debug|Any CPU.ActiveCfg = Debug|Any CPU
		{85E9797D-77B6-47B6-8A8A-48D8D0441E1D}.Debug|Any CPU.Build.0 = Debug|Any CPU
		{85E9797D-77B6-47B6-8A8A-48D8D0441E1D}.Release|Any CPU.ActiveCfg = Release|Any CPU
		{85E9797D-77B6-47B6-8A8A-48D8D0441E1D}.Release|Any CPU.Build.0 = Release|Any CPU
		{DE3F2971-1FFA-4BB9-877D-A287D56527EE}.Debug|Any CPU.ActiveCfg = Debug|Any CPU
		{DE3F2971-1FFA-4BB9-877D-A287D56527EE}.Debug|Any CPU.Build.0 = Debug|Any CPU
		{DE3F2971-1FFA-4BB9-877D-A287D56527EE}.Release|Any CPU.ActiveCfg = Release|Any CPU
		{DE3F2971-1FFA-4BB9-877D-A287D56527EE}.Release|Any CPU.Build.0 = Release|Any CPU
		{2BA1FD89-8452-4A48-8135-E528F73FBCEB}.Debug|Any CPU.ActiveCfg = Debug|Any CPU
		{2BA1FD89-8452-4A48-8135-E528F73FBCEB}.Debug|Any CPU.Build.0 = Debug|Any CPU
		{2BA1FD89-8452-4A48-8135-E528F73FBCEB}.Release|Any CPU.ActiveCfg = Release|Any CPU
		{2BA1FD89-8452-4A48-8135-E528F73FBCEB}.Release|Any CPU.Build.0 = Release|Any CPU
		{3C4C7C12-D33E-4130-B996-7CD546515D05}.Debug|Any CPU.ActiveCfg = Debug|Any CPU
		{3C4C7C12-D33E-4130-B996-7CD546515D05}.Debug|Any CPU.Build.0 = Debug|Any CPU
		{3C4C7C12-D33E-4130-B996-7CD546515D05}.Release|Any CPU.ActiveCfg = Release|Any CPU
		{3C4C7C12-D33E-4130-B996-7CD546515D05}.Release|Any CPU.Build.0 = Release|Any CPU
	EndGlobalSection
	GlobalSection(SolutionProperties) = preSolution
		HideSolutionNode = FALSE
	EndGlobalSection
	GlobalSection(ExtensibilityGlobals) = postSolution
		SolutionGuid = {AFCAE165-7639-4502-B0C6-9B73E7EBE604}
	EndGlobalSection
EndGlobal
